
Microsoft Visual Studio Solution File, Format Version 12.00
# Visual Studio 2013
VisualStudioVersion = 12.0.20827.3
MinimumVisualStudioVersion = 10.0.40219.1
Project("{8BC9CEB8-8B4A-11D0-8D11-00A0C91BC942}") = "winsock2_wrapper", "winsock2_wrapper\winsock2_wrapper.vcxproj", "{E3DCDBB5-CA2D-411D-9801-DCC37B91BFDF}"
EndProject
Project("{8BC9CEB8-8B4A-11D0-8D11-00A0C91BC942}") = "Opg4AcceptorConnector", "Opg4AcceptorConnector\Opg4AcceptorConnector.vcxproj", "{AB3F1D16-7EF3-4F0F-A231-5EFD4851B3D0}"
EndProject
Project("{8BC9CEB8-8B4A-11D0-8D11-00A0C91BC942}") = "Opg4_5_Server", "Opg4_5_Server\Opg4_5_Server.vcxproj", "{D77E826E-648E-4960-BE6C-D05B124F15C3}"
EndProject
Project("{8BC9CEB8-8B4A-11D0-8D11-00A0C91BC942}") = "Opg5HalfSyncHalfAsync", "Opg5HalfSyncHalfAsync\Opg5HalfSyncHalfAsync.vcxproj", "{E140A246-C1FB-4797-A7F2-D75972E4E34A}"
EndProject
Project("{8BC9CEB8-8B4A-11D0-8D11-00A0C91BC942}") = "Opg4_5_Client", "Opg4_5_Client\Opg4_5_Client.vcxproj", "{6250AAE3-9A83-4E0C-9F0F-A927E5C10E6C}"
EndProject
Global
	GlobalSection(SolutionConfigurationPlatforms) = preSolution
		Debug|Any CPU = Debug|Any CPU
		Debug|Mixed Platforms = Debug|Mixed Platforms
		Debug|Win32 = Debug|Win32
		Release|Any CPU = Release|Any CPU
		Release|Mixed Platforms = Release|Mixed Platforms
		Release|Win32 = Release|Win32
	EndGlobalSection
	GlobalSection(ProjectConfigurationPlatforms) = postSolution
		{E3DCDBB5-CA2D-411D-9801-DCC37B91BFDF}.Debug|Any CPU.ActiveCfg = Debug|Win32
		{E3DCDBB5-CA2D-411D-9801-DCC37B91BFDF}.Debug|Mixed Platforms.ActiveCfg = Debug|Win32
		{E3DCDBB5-CA2D-411D-9801-DCC37B91BFDF}.Debug|Mixed Platforms.Build.0 = Debug|Win32
		{E3DCDBB5-CA2D-411D-9801-DCC37B91BFDF}.Debug|Win32.ActiveCfg = Debug|Win32
		{E3DCDBB5-CA2D-411D-9801-DCC37B91BFDF}.Debug|Win32.Build.0 = Debug|Win32
		{E3DCDBB5-CA2D-411D-9801-DCC37B91BFDF}.Release|Any CPU.ActiveCfg = Release|Win32
		{E3DCDBB5-CA2D-411D-9801-DCC37B91BFDF}.Release|Mixed Platforms.ActiveCfg = Release|Win32
		{E3DCDBB5-CA2D-411D-9801-DCC37B91BFDF}.Release|Mixed Platforms.Build.0 = Release|Win32
		{E3DCDBB5-CA2D-411D-9801-DCC37B91BFDF}.Release|Win32.ActiveCfg = Release|Win32
		{E3DCDBB5-CA2D-411D-9801-DCC37B91BFDF}.Release|Win32.Build.0 = Release|Win32
		{AB3F1D16-7EF3-4F0F-A231-5EFD4851B3D0}.Debug|Any CPU.ActiveCfg = Debug|Win32
		{AB3F1D16-7EF3-4F0F-A231-5EFD4851B3D0}.Debug|Mixed Platforms.ActiveCfg = Debug|Win32
		{AB3F1D16-7EF3-4F0F-A231-5EFD4851B3D0}.Debug|Mixed Platforms.Build.0 = Debug|Win32
		{AB3F1D16-7EF3-4F0F-A231-5EFD4851B3D0}.Debug|Win32.ActiveCfg = Debug|Win32
		{AB3F1D16-7EF3-4F0F-A231-5EFD4851B3D0}.Debug|Win32.Build.0 = Debug|Win32
		{AB3F1D16-7EF3-4F0F-A231-5EFD4851B3D0}.Release|Any CPU.ActiveCfg = Release|Win32
		{AB3F1D16-7EF3-4F0F-A231-5EFD4851B3D0}.Release|Mixed Platforms.ActiveCfg = Release|Win32
		{AB3F1D16-7EF3-4F0F-A231-5EFD4851B3D0}.Release|Mixed Platforms.Build.0 = Release|Win32
		{AB3F1D16-7EF3-4F0F-A231-5EFD4851B3D0}.Release|Win32.ActiveCfg = Release|Win32
		{AB3F1D16-7EF3-4F0F-A231-5EFD4851B3D0}.Release|Win32.Build.0 = Release|Win32
		{D77E826E-648E-4960-BE6C-D05B124F15C3}.Debug|Any CPU.ActiveCfg = Debug|Win32
		{D77E826E-648E-4960-BE6C-D05B124F15C3}.Debug|Mixed Platforms.ActiveCfg = Debug|Win32
		{D77E826E-648E-4960-BE6C-D05B124F15C3}.Debug|Mixed Platforms.Build.0 = Debug|Win32
		{D77E826E-648E-4960-BE6C-D05B124F15C3}.Debug|Win32.ActiveCfg = Debug|Win32
		{D77E826E-648E-4960-BE6C-D05B124F15C3}.Debug|Win32.Build.0 = Debug|Win32
		{D77E826E-648E-4960-BE6C-D05B124F15C3}.Release|Any CPU.ActiveCfg = Release|Win32
		{D77E826E-648E-4960-BE6C-D05B124F15C3}.Release|Mixed Platforms.ActiveCfg = Release|Win32
		{D77E826E-648E-4960-BE6C-D05B124F15C3}.Release|Mixed Platforms.Build.0 = Release|Win32
		{D77E826E-648E-4960-BE6C-D05B124F15C3}.Release|Win32.ActiveCfg = Release|Win32
		{D77E826E-648E-4960-BE6C-D05B124F15C3}.Release|Win32.Build.0 = Release|Win32
		{E140A246-C1FB-4797-A7F2-D75972E4E34A}.Debug|Any CPU.ActiveCfg = Debug|Win32
		{E140A246-C1FB-4797-A7F2-D75972E4E34A}.Debug|Mixed Platforms.ActiveCfg = Debug|Win32
		{E140A246-C1FB-4797-A7F2-D75972E4E34A}.Debug|Mixed Platforms.Build.0 = Debug|Win32
		{E140A246-C1FB-4797-A7F2-D75972E4E34A}.Debug|Win32.ActiveCfg = Debug|Win32
		{E140A246-C1FB-4797-A7F2-D75972E4E34A}.Debug|Win32.Build.0 = Debug|Win32
		{E140A246-C1FB-4797-A7F2-D75972E4E34A}.Release|Any CPU.ActiveCfg = Release|Win32
		{E140A246-C1FB-4797-A7F2-D75972E4E34A}.Release|Mixed Platforms.ActiveCfg = Release|Win32
		{E140A246-C1FB-4797-A7F2-D75972E4E34A}.Release|Mixed Platforms.Build.0 = Release|Win32
		{E140A246-C1FB-4797-A7F2-D75972E4E34A}.Release|Win32.ActiveCfg = Release|Win32
		{E140A246-C1FB-4797-A7F2-D75972E4E34A}.Release|Win32.Build.0 = Release|Win32
		{6250AAE3-9A83-4E0C-9F0F-A927E5C10E6C}.Debug|Any CPU.ActiveCfg = Debug|Win32
		{6250AAE3-9A83-4E0C-9F0F-A927E5C10E6C}.Debug|Mixed Platforms.ActiveCfg = Debug|Win32
		{6250AAE3-9A83-4E0C-9F0F-A927E5C10E6C}.Debug|Mixed Platforms.Build.0 = Debug|Win32
		{6250AAE3-9A83-4E0C-9F0F-A927E5C10E6C}.Debug|Win32.ActiveCfg = Debug|Win32
		{6250AAE3-9A83-4E0C-9F0F-A927E5C10E6C}.Debug|Win32.Build.0 = Debug|Win32
		{6250AAE3-9A83-4E0C-9F0F-A927E5C10E6C}.Release|Any CPU.ActiveCfg = Release|Win32
		{6250AAE3-9A83-4E0C-9F0F-A927E5C10E6C}.Release|Mixed Platforms.ActiveCfg = Release|Win32
		{6250AAE3-9A83-4E0C-9F0F-A927E5C10E6C}.Release|Mixed Platforms.Build.0 = Release|Win32
		{6250AAE3-9A83-4E0C-9F0F-A927E5C10E6C}.Release|Win32.ActiveCfg = Release|Win32
		{6250AAE3-9A83-4E0C-9F0F-A927E5C10E6C}.Release|Win32.Build.0 = Release|Win32
	EndGlobalSection
	GlobalSection(SolutionProperties) = preSolution
		HideSolutionNode = FALSE
	EndGlobalSection
EndGlobal
