
Microsoft Visual Studio Solution File, Format Version 12.00
# Visual Studio 2013
VisualStudioVersion = 12.0.20827.3
MinimumVisualStudioVersion = 10.0.40219.1
Project("{8BC9CEB8-8B4A-11D0-8D11-00A0C91BC942}") = "opg1winsock2_wrapper", "winsock2_wrapper\winsock2_wrapper.vcxproj", "{E3DCDBB5-CA2D-411D-9801-DCC37B91BFDF}"
EndProject
Project("{8BC9CEB8-8B4A-11D0-8D11-00A0C91BC942}") = "Opg1_client", "Opg1_client\Opg1_client.vcxproj", "{08BE8C0E-B124-47C2-96C5-8A47EB04771D}"
EndProject
Project("{8BC9CEB8-8B4A-11D0-8D11-00A0C91BC942}") = "Opg1_server", "Opg1_server\Opg1_server.vcxproj", "{579930C7-763F-498B-9FCE-0888D697CB8D}"
EndProject
Project("{8BC9CEB8-8B4A-11D0-8D11-00A0C91BC942}") = "Opg3_client", "Opg3_client\Opg3_client.vcxproj", "{49203270-7692-460D-98D2-0D1CA7A819E3}"
EndProject
Project("{8BC9CEB8-8B4A-11D0-8D11-00A0C91BC942}") = "Opg3_server", "Opg3_server\Opg3_server.vcxproj", "{20C1994B-F622-4D2B-8A25-6FD226D94233}"
EndProject
Project("{8BC9CEB8-8B4A-11D0-8D11-00A0C91BC942}") = "Opg4AcceptorConnector", "Opg4AcceptorConnector\Opg4AcceptorConnector.vcxproj", "{AB3F1D16-7EF3-4F0F-A231-5EFD4851B3D0}"
EndProject
Project("{8BC9CEB8-8B4A-11D0-8D11-00A0C91BC942}") = "Opg4_5_Client", "Opg4_5_Client\Opg4_5_Client.vcxproj", "{4DAD3369-2A73-491D-8427-0FBC7E7EDCD3}"
EndProject
Project("{8BC9CEB8-8B4A-11D0-8D11-00A0C91BC942}") = "Opg4_5_Server", "Opg4_5_Server\Opg4_5_Server.vcxproj", "{D77E826E-648E-4960-BE6C-D05B124F15C3}"
EndProject
Project("{8BC9CEB8-8B4A-11D0-8D11-00A0C91BC942}") = "Opg5HalfSyncHalfAsync", "Opg5HalfSyncHalfAsync\Opg5HalfSyncHalfAsync.vcxproj", "{E140A246-C1FB-4797-A7F2-D75972E4E34A}"
EndProject
Global
	GlobalSection(SolutionConfigurationPlatforms) = preSolution
		Debug|Any CPU = Debug|Any CPU
		Debug|Mixed Platforms = Debug|Mixed Platforms
		Debug|Win32 = Debug|Win32
		Release|Any CPU = Release|Any CPU
		Release|Mixed Platforms = Release|Mixed Platforms
		Release|Win32 = Release|Win32
	EndGlobalSection
	GlobalSection(ProjectConfigurationPlatforms) = postSolution
		{E3DCDBB5-CA2D-411D-9801-DCC37B91BFDF}.Debug|Any CPU.ActiveCfg = Debug|Win32
		{E3DCDBB5-CA2D-411D-9801-DCC37B91BFDF}.Debug|Mixed Platforms.ActiveCfg = Debug|Win32
		{E3DCDBB5-CA2D-411D-9801-DCC37B91BFDF}.Debug|Mixed Platforms.Build.0 = Debug|Win32
		{E3DCDBB5-CA2D-411D-9801-DCC37B91BFDF}.Debug|Win32.ActiveCfg = Debug|Win32
		{E3DCDBB5-CA2D-411D-9801-DCC37B91BFDF}.Debug|Win32.Build.0 = Debug|Win32
		{E3DCDBB5-CA2D-411D-9801-DCC37B91BFDF}.Release|Any CPU.ActiveCfg = Release|Win32
		{E3DCDBB5-CA2D-411D-9801-DCC37B91BFDF}.Release|Mixed Platforms.ActiveCfg = Release|Win32
		{E3DCDBB5-CA2D-411D-9801-DCC37B91BFDF}.Release|Mixed Platforms.Build.0 = Release|Win32
		{E3DCDBB5-CA2D-411D-9801-DCC37B91BFDF}.Release|Win32.ActiveCfg = Release|Win32
		{E3DCDBB5-CA2D-411D-9801-DCC37B91BFDF}.Release|Win32.Build.0 = Release|Win32
		{08BE8C0E-B124-47C2-96C5-8A47EB04771D}.Debug|Any CPU.ActiveCfg = Debug|Win32
		{08BE8C0E-B124-47C2-96C5-8A47EB04771D}.Debug|Mixed Platforms.ActiveCfg = Debug|Win32
		{08BE8C0E-B124-47C2-96C5-8A47EB04771D}.Debug|Mixed Platforms.Build.0 = Debug|Win32
		{08BE8C0E-B124-47C2-96C5-8A47EB04771D}.Debug|Win32.ActiveCfg = Debug|Win32
		{08BE8C0E-B124-47C2-96C5-8A47EB04771D}.Debug|Win32.Build.0 = Debug|Win32
		{08BE8C0E-B124-47C2-96C5-8A47EB04771D}.Release|Any CPU.ActiveCfg = Release|Win32
		{08BE8C0E-B124-47C2-96C5-8A47EB04771D}.Release|Mixed Platforms.ActiveCfg = Release|Win32
		{08BE8C0E-B124-47C2-96C5-8A47EB04771D}.Release|Mixed Platforms.Build.0 = Release|Win32
		{08BE8C0E-B124-47C2-96C5-8A47EB04771D}.Release|Win32.ActiveCfg = Release|Win32
		{08BE8C0E-B124-47C2-96C5-8A47EB04771D}.Release|Win32.Build.0 = Release|Win32
		{579930C7-763F-498B-9FCE-0888D697CB8D}.Debug|Any CPU.ActiveCfg = Debug|Win32
		{579930C7-763F-498B-9FCE-0888D697CB8D}.Debug|Mixed Platforms.ActiveCfg = Debug|Win32
		{579930C7-763F-498B-9FCE-0888D697CB8D}.Debug|Mixed Platforms.Build.0 = Debug|Win32
		{579930C7-763F-498B-9FCE-0888D697CB8D}.Debug|Win32.ActiveCfg = Debug|Win32
		{579930C7-763F-498B-9FCE-0888D697CB8D}.Debug|Win32.Build.0 = Debug|Win32
		{579930C7-763F-498B-9FCE-0888D697CB8D}.Release|Any CPU.ActiveCfg = Release|Win32
		{579930C7-763F-498B-9FCE-0888D697CB8D}.Release|Mixed Platforms.ActiveCfg = Release|Win32
		{579930C7-763F-498B-9FCE-0888D697CB8D}.Release|Mixed Platforms.Build.0 = Release|Win32
		{579930C7-763F-498B-9FCE-0888D697CB8D}.Release|Win32.ActiveCfg = Release|Win32
		{579930C7-763F-498B-9FCE-0888D697CB8D}.Release|Win32.Build.0 = Release|Win32
		{49203270-7692-460D-98D2-0D1CA7A819E3}.Debug|Any CPU.ActiveCfg = Debug|Win32
		{49203270-7692-460D-98D2-0D1CA7A819E3}.Debug|Mixed Platforms.ActiveCfg = Debug|Win32
		{49203270-7692-460D-98D2-0D1CA7A819E3}.Debug|Mixed Platforms.Build.0 = Debug|Win32
		{49203270-7692-460D-98D2-0D1CA7A819E3}.Debug|Win32.ActiveCfg = Debug|Win32
		{49203270-7692-460D-98D2-0D1CA7A819E3}.Debug|Win32.Build.0 = Debug|Win32
		{49203270-7692-460D-98D2-0D1CA7A819E3}.Release|Any CPU.ActiveCfg = Release|Win32
		{49203270-7692-460D-98D2-0D1CA7A819E3}.Release|Mixed Platforms.ActiveCfg = Release|Win32
		{49203270-7692-460D-98D2-0D1CA7A819E3}.Release|Mixed Platforms.Build.0 = Release|Win32
		{49203270-7692-460D-98D2-0D1CA7A819E3}.Release|Win32.ActiveCfg = Release|Win32
		{49203270-7692-460D-98D2-0D1CA7A819E3}.Release|Win32.Build.0 = Release|Win32
		{20C1994B-F622-4D2B-8A25-6FD226D94233}.Debug|Any CPU.ActiveCfg = Debug|Win32
		{20C1994B-F622-4D2B-8A25-6FD226D94233}.Debug|Mixed Platforms.ActiveCfg = Debug|Win32
		{20C1994B-F622-4D2B-8A25-6FD226D94233}.Debug|Mixed Platforms.Build.0 = Debug|Win32
		{20C1994B-F622-4D2B-8A25-6FD226D94233}.Debug|Win32.ActiveCfg = Debug|Win32
		{20C1994B-F622-4D2B-8A25-6FD226D94233}.Debug|Win32.Build.0 = Debug|Win32
		{20C1994B-F622-4D2B-8A25-6FD226D94233}.Release|Any CPU.ActiveCfg = Release|Win32
		{20C1994B-F622-4D2B-8A25-6FD226D94233}.Release|Mixed Platforms.ActiveCfg = Release|Win32
		{20C1994B-F622-4D2B-8A25-6FD226D94233}.Release|Mixed Platforms.Build.0 = Release|Win32
		{20C1994B-F622-4D2B-8A25-6FD226D94233}.Release|Win32.ActiveCfg = Release|Win32
		{20C1994B-F622-4D2B-8A25-6FD226D94233}.Release|Win32.Build.0 = Release|Win32
		{AB3F1D16-7EF3-4F0F-A231-5EFD4851B3D0}.Debug|Any CPU.ActiveCfg = Debug|Win32
		{AB3F1D16-7EF3-4F0F-A231-5EFD4851B3D0}.Debug|Mixed Platforms.ActiveCfg = Debug|Win32
		{AB3F1D16-7EF3-4F0F-A231-5EFD4851B3D0}.Debug|Mixed Platforms.Build.0 = Debug|Win32
		{AB3F1D16-7EF3-4F0F-A231-5EFD4851B3D0}.Debug|Win32.ActiveCfg = Debug|Win32
		{AB3F1D16-7EF3-4F0F-A231-5EFD4851B3D0}.Debug|Win32.Build.0 = Debug|Win32
		{AB3F1D16-7EF3-4F0F-A231-5EFD4851B3D0}.Release|Any CPU.ActiveCfg = Release|Win32
		{AB3F1D16-7EF3-4F0F-A231-5EFD4851B3D0}.Release|Mixed Platforms.ActiveCfg = Release|Win32
		{AB3F1D16-7EF3-4F0F-A231-5EFD4851B3D0}.Release|Mixed Platforms.Build.0 = Release|Win32
		{AB3F1D16-7EF3-4F0F-A231-5EFD4851B3D0}.Release|Win32.ActiveCfg = Release|Win32
		{AB3F1D16-7EF3-4F0F-A231-5EFD4851B3D0}.Release|Win32.Build.0 = Release|Win32
		{4DAD3369-2A73-491D-8427-0FBC7E7EDCD3}.Debug|Any CPU.ActiveCfg = Debug|Win32
		{4DAD3369-2A73-491D-8427-0FBC7E7EDCD3}.Debug|Mixed Platforms.ActiveCfg = Debug|Win32
		{4DAD3369-2A73-491D-8427-0FBC7E7EDCD3}.Debug|Mixed Platforms.Build.0 = Debug|Win32
		{4DAD3369-2A73-491D-8427-0FBC7E7EDCD3}.Debug|Win32.ActiveCfg = Debug|Win32
		{4DAD3369-2A73-491D-8427-0FBC7E7EDCD3}.Debug|Win32.Build.0 = Debug|Win32
		{4DAD3369-2A73-491D-8427-0FBC7E7EDCD3}.Release|Any CPU.ActiveCfg = Release|Win32
		{4DAD3369-2A73-491D-8427-0FBC7E7EDCD3}.Release|Mixed Platforms.ActiveCfg = Release|Win32
		{4DAD3369-2A73-491D-8427-0FBC7E7EDCD3}.Release|Mixed Platforms.Build.0 = Release|Win32
		{4DAD3369-2A73-491D-8427-0FBC7E7EDCD3}.Release|Win32.ActiveCfg = Release|Win32
		{4DAD3369-2A73-491D-8427-0FBC7E7EDCD3}.Release|Win32.Build.0 = Release|Win32
		{D77E826E-648E-4960-BE6C-D05B124F15C3}.Debug|Any CPU.ActiveCfg = Debug|Win32
		{D77E826E-648E-4960-BE6C-D05B124F15C3}.Debug|Mixed Platforms.ActiveCfg = Debug|Win32
		{D77E826E-648E-4960-BE6C-D05B124F15C3}.Debug|Mixed Platforms.Build.0 = Debug|Win32
		{D77E826E-648E-4960-BE6C-D05B124F15C3}.Debug|Win32.ActiveCfg = Debug|Win32
		{D77E826E-648E-4960-BE6C-D05B124F15C3}.Debug|Win32.Build.0 = Debug|Win32
		{D77E826E-648E-4960-BE6C-D05B124F15C3}.Release|Any CPU.ActiveCfg = Release|Win32
		{D77E826E-648E-4960-BE6C-D05B124F15C3}.Release|Mixed Platforms.ActiveCfg = Release|Win32
		{D77E826E-648E-4960-BE6C-D05B124F15C3}.Release|Mixed Platforms.Build.0 = Release|Win32
		{D77E826E-648E-4960-BE6C-D05B124F15C3}.Release|Win32.ActiveCfg = Release|Win32
		{D77E826E-648E-4960-BE6C-D05B124F15C3}.Release|Win32.Build.0 = Release|Win32
		{E140A246-C1FB-4797-A7F2-D75972E4E34A}.Debug|Any CPU.ActiveCfg = Debug|Win32
		{E140A246-C1FB-4797-A7F2-D75972E4E34A}.Debug|Mixed Platforms.ActiveCfg = Debug|Win32
		{E140A246-C1FB-4797-A7F2-D75972E4E34A}.Debug|Mixed Platforms.Build.0 = Debug|Win32
		{E140A246-C1FB-4797-A7F2-D75972E4E34A}.Debug|Win32.ActiveCfg = Debug|Win32
		{E140A246-C1FB-4797-A7F2-D75972E4E34A}.Debug|Win32.Build.0 = Debug|Win32
		{E140A246-C1FB-4797-A7F2-D75972E4E34A}.Release|Any CPU.ActiveCfg = Release|Win32
		{E140A246-C1FB-4797-A7F2-D75972E4E34A}.Release|Mixed Platforms.ActiveCfg = Release|Win32
		{E140A246-C1FB-4797-A7F2-D75972E4E34A}.Release|Mixed Platforms.Build.0 = Release|Win32
		{E140A246-C1FB-4797-A7F2-D75972E4E34A}.Release|Win32.ActiveCfg = Release|Win32
		{E140A246-C1FB-4797-A7F2-D75972E4E34A}.Release|Win32.Build.0 = Release|Win32
	EndGlobalSection
	GlobalSection(SolutionProperties) = preSolution
		HideSolutionNode = FALSE
	EndGlobalSection
EndGlobal
